
Microsoft Visual Studio Solution File, Format Version 12.00
# Visual Studio Version 16
VisualStudioVersion = 16.0.29215.179
MinimumVisualStudioVersion = 10.0.40219.1
Project("{9A19103F-16F7-4668-BE54-9A1E7A4F7556}") = "LearnNetCore", "LearnNetCore\LearnNetCore.csproj", "{C2D716D1-01A3-49DE-BDEE-850099609BD7}"
EndProject
Project("{FAE04EC0-301F-11D3-BF4B-00C04F79EFBC}") = "EmployeeManagement.DAL", "EmployeeManagement.DAL\EmployeeManagement.DAL.csproj", "{5E4E4242-DC84-4734-965B-44179B781E86}"
EndProject
Global
	GlobalSection(SolutionConfigurationPlatforms) = preSolution
		Debug|Any CPU = Debug|Any CPU
		Release|Any CPU = Release|Any CPU
	EndGlobalSection
	GlobalSection(ProjectConfigurationPlatforms) = postSolution
		{C2D716D1-01A3-49DE-BDEE-850099609BD7}.Debug|Any CPU.ActiveCfg = Debug|Any CPU
		{C2D716D1-01A3-49DE-BDEE-850099609BD7}.Debug|Any CPU.Build.0 = Debug|Any CPU
		{C2D716D1-01A3-49DE-BDEE-850099609BD7}.Release|Any CPU.ActiveCfg = Release|Any CPU
		{C2D716D1-01A3-49DE-BDEE-850099609BD7}.Release|Any CPU.Build.0 = Release|Any CPU
		{5E4E4242-DC84-4734-965B-44179B781E86}.Debug|Any CPU.ActiveCfg = Debug|Any CPU
		{5E4E4242-DC84-4734-965B-44179B781E86}.Debug|Any CPU.Build.0 = Debug|Any CPU
		{5E4E4242-DC84-4734-965B-44179B781E86}.Release|Any CPU.ActiveCfg = Release|Any CPU
		{5E4E4242-DC84-4734-965B-44179B781E86}.Release|Any CPU.Build.0 = Release|Any CPU
	EndGlobalSection
	GlobalSection(SolutionProperties) = preSolution
		HideSolutionNode = FALSE
	EndGlobalSection
	GlobalSection(ExtensibilityGlobals) = postSolution
		SolutionGuid = {BEAEDA50-E99A-44DE-9737-6F9A70A5D807}
	EndGlobalSection
EndGlobal
